
Microsoft Visual Studio Solution File, Format Version 12.00
# Visual Studio Version 16
VisualStudioVersion = 16.0.29418.71
MinimumVisualStudioVersion = 10.0.40219.1
Project("{FAE04EC0-301F-11D3-BF4B-00C04F79EFBC}") = "SportsStore", "SportsStore\SportsStore.csproj", "{215D76A0-0DC8-49AD-84F7-2150D5D91EFA}"
EndProject
Global
	GlobalSection(SolutionConfigurationPlatforms) = preSolution
		Debug|Any CPU = Debug|Any CPU
		Release|Any CPU = Release|Any CPU
	EndGlobalSection
	GlobalSection(ProjectConfigurationPlatforms) = postSolution
		{215D76A0-0DC8-49AD-84F7-2150D5D91EFA}.Debug|Any CPU.ActiveCfg = Debug|Any CPU
		{215D76A0-0DC8-49AD-84F7-2150D5D91EFA}.Debug|Any CPU.Build.0 = Debug|Any CPU
		{215D76A0-0DC8-49AD-84F7-2150D5D91EFA}.Release|Any CPU.ActiveCfg = Release|Any CPU
		{215D76A0-0DC8-49AD-84F7-2150D5D91EFA}.Release|Any CPU.Build.0 = Release|Any CPU
	EndGlobalSection
	GlobalSection(SolutionProperties) = preSolution
		HideSolutionNode = FALSE
	EndGlobalSection
	GlobalSection(ExtensibilityGlobals) = postSolution
		SolutionGuid = {D51B1284-B419-474C-B1DD-8690340B9ACC}
	EndGlobalSection
EndGlobal
